
Microsoft Visual Studio Solution File, Format Version 12.00
# Visual Studio Version 16
VisualStudioVersion = 16.0.30204.135
MinimumVisualStudioVersion = 10.0.40219.1
Project("{9A19103F-16F7-4668-BE54-9A1E7A4F7556}") = "JiraWorklogSubmitter", "JiraWorklogSubmitter\JiraWorklogSubmitter\JiraWorklogSubmitter.csproj", "{7A53CF8C-DF91-44BC-909D-FA6F0425C934}"
EndProject
Global
	GlobalSection(SolutionConfigurationPlatforms) = preSolution
		Debug|Any CPU = Debug|Any CPU
		Release|Any CPU = Release|Any CPU
	EndGlobalSection
	GlobalSection(ProjectConfigurationPlatforms) = postSolution
		{7A53CF8C-DF91-44BC-909D-FA6F0425C934}.Debug|Any CPU.ActiveCfg = Debug|Any CPU
		{7A53CF8C-DF91-44BC-909D-FA6F0425C934}.Debug|Any CPU.Build.0 = Debug|Any CPU
		{7A53CF8C-DF91-44BC-909D-FA6F0425C934}.Release|Any CPU.ActiveCfg = Release|Any CPU
		{7A53CF8C-DF91-44BC-909D-FA6F0425C934}.Release|Any CPU.Build.0 = Release|Any CPU
	EndGlobalSection
	GlobalSection(SolutionProperties) = preSolution
		HideSolutionNode = FALSE
	EndGlobalSection
	GlobalSection(ExtensibilityGlobals) = postSolution
		SolutionGuid = {B452E74F-C363-476F-846B-62B711E69D7B}
	EndGlobalSection
EndGlobal
